
Microsoft Visual Studio Solution File, Format Version 12.00
# Visual Studio Version 16
VisualStudioVersion = 16.0.30503.244
MinimumVisualStudioVersion = 10.0.40219.1
Project("{8BC9CEB8-8B4A-11D0-8D11-00A0C91BC942}") = "13.5", "13.5\13.5.vcxproj", "{5078BF78-9C2A-4E60-9D98-5C7F6B6E21D4}"
EndProject
Global
	GlobalSection(SolutionConfigurationPlatforms) = preSolution
		Debug|x64 = Debug|x64
		Debug|x86 = Debug|x86
		Release|x64 = Release|x64
		Release|x86 = Release|x86
	EndGlobalSection
	GlobalSection(ProjectConfigurationPlatforms) = postSolution
		{5078BF78-9C2A-4E60-9D98-5C7F6B6E21D4}.Debug|x64.ActiveCfg = Debug|x64
		{5078BF78-9C2A-4E60-9D98-5C7F6B6E21D4}.Debug|x64.Build.0 = Debug|x64
		{5078BF78-9C2A-4E60-9D98-5C7F6B6E21D4}.Debug|x86.ActiveCfg = Debug|Win32
		{5078BF78-9C2A-4E60-9D98-5C7F6B6E21D4}.Debug|x86.Build.0 = Debug|Win32
		{5078BF78-9C2A-4E60-9D98-5C7F6B6E21D4}.Release|x64.ActiveCfg = Release|x64
		{5078BF78-9C2A-4E60-9D98-5C7F6B6E21D4}.Release|x64.Build.0 = Release|x64
		{5078BF78-9C2A-4E60-9D98-5C7F6B6E21D4}.Release|x86.ActiveCfg = Release|Win32
		{5078BF78-9C2A-4E60-9D98-5C7F6B6E21D4}.Release|x86.Build.0 = Release|Win32
	EndGlobalSection
	GlobalSection(SolutionProperties) = preSolution
		HideSolutionNode = FALSE
	EndGlobalSection
	GlobalSection(ExtensibilityGlobals) = postSolution
		SolutionGuid = {6FCDD20C-0F33-4749-97BF-FDD86126C72D}
	EndGlobalSection
EndGlobal
